
Microsoft Visual Studio Solution File, Format Version 12.00
# Visual Studio Version 17
VisualStudioVersion = 17.7.34024.191
MinimumVisualStudioVersion = 10.0.40219.1
Project("{9A19103F-16F7-4668-BE54-9A1E7A4F7556}") = "GuardFood.Core", "GuardFood.Core\GuardFood.Core.csproj", "{A789403C-569E-4E09-9F77-AB87E67AFBA4}"
EndProject
Project("{9A19103F-16F7-4668-BE54-9A1E7A4F7556}") = "GuardFood.Infrastructure", "GuardFood.Infrastructure\GuardFood.Infrastructure.csproj", "{25EC0286-CADC-4AEC-8199-DABC9A7FC628}"
EndProject
Project("{2150E333-8FDC-42A3-9474-1A3956D46DE8}") = "01- Core", "01- Core", "{DC8E2F78-E6EB-4CF6-BB08-89D29A61A08E}"
EndProject
Project("{2150E333-8FDC-42A3-9474-1A3956D46DE8}") = "03 - API", "03 - API", "{90CE4DC9-B89A-495E-B6C1-B1A9FB7F38D3}"
EndProject
Project("{FAE04EC0-301F-11D3-BF4B-00C04F79EFBC}") = "GuardFood.Api", "GuardFood.Api\GuardFood.Api.csproj", "{719B88F7-8CF1-4CD9-B154-8EC11CF917CF}"
EndProject
Global
	GlobalSection(SolutionConfigurationPlatforms) = preSolution
		Debug|Any CPU = Debug|Any CPU
		Release|Any CPU = Release|Any CPU
	EndGlobalSection
	GlobalSection(ProjectConfigurationPlatforms) = postSolution
		{A789403C-569E-4E09-9F77-AB87E67AFBA4}.Debug|Any CPU.ActiveCfg = Debug|Any CPU
		{A789403C-569E-4E09-9F77-AB87E67AFBA4}.Debug|Any CPU.Build.0 = Debug|Any CPU
		{A789403C-569E-4E09-9F77-AB87E67AFBA4}.Release|Any CPU.ActiveCfg = Release|Any CPU
		{A789403C-569E-4E09-9F77-AB87E67AFBA4}.Release|Any CPU.Build.0 = Release|Any CPU
		{25EC0286-CADC-4AEC-8199-DABC9A7FC628}.Debug|Any CPU.ActiveCfg = Debug|Any CPU
		{25EC0286-CADC-4AEC-8199-DABC9A7FC628}.Debug|Any CPU.Build.0 = Debug|Any CPU
		{25EC0286-CADC-4AEC-8199-DABC9A7FC628}.Release|Any CPU.ActiveCfg = Release|Any CPU
		{25EC0286-CADC-4AEC-8199-DABC9A7FC628}.Release|Any CPU.Build.0 = Release|Any CPU
		{719B88F7-8CF1-4CD9-B154-8EC11CF917CF}.Debug|Any CPU.ActiveCfg = Debug|Any CPU
		{719B88F7-8CF1-4CD9-B154-8EC11CF917CF}.Debug|Any CPU.Build.0 = Debug|Any CPU
		{719B88F7-8CF1-4CD9-B154-8EC11CF917CF}.Release|Any CPU.ActiveCfg = Release|Any CPU
		{719B88F7-8CF1-4CD9-B154-8EC11CF917CF}.Release|Any CPU.Build.0 = Release|Any CPU
	EndGlobalSection
	GlobalSection(SolutionProperties) = preSolution
		HideSolutionNode = FALSE
	EndGlobalSection
	GlobalSection(NestedProjects) = preSolution
		{A789403C-569E-4E09-9F77-AB87E67AFBA4} = {DC8E2F78-E6EB-4CF6-BB08-89D29A61A08E}
		{25EC0286-CADC-4AEC-8199-DABC9A7FC628} = {DC8E2F78-E6EB-4CF6-BB08-89D29A61A08E}
		{719B88F7-8CF1-4CD9-B154-8EC11CF917CF} = {90CE4DC9-B89A-495E-B6C1-B1A9FB7F38D3}
	EndGlobalSection
	GlobalSection(ExtensibilityGlobals) = postSolution
		SolutionGuid = {7CADE56A-0F77-4DBA-9715-A012137A9BF1}
	EndGlobalSection
EndGlobal
